
Microsoft Visual Studio Solution File, Format Version 12.00
# Visual Studio Version 17
Project("{8BC9CEB8-8B4A-11D0-8D11-00A0C91BC942}") = "ALL_BUILD", "ALL_BUILD.vcxproj", "{55C66176-B3CD-355F-8811-D1CECD69545E}"
	ProjectSection(ProjectDependencies) = postProject
		{BCA053AE-5B08-36B6-AB71-02F8AE318834} = {BCA053AE-5B08-36B6-AB71-02F8AE318834}
		{C57E5C11-D5B7-32AF-BF8B-FBB443F6B90E} = {C57E5C11-D5B7-32AF-BF8B-FBB443F6B90E}
		{13A2D06E-3AAA-3355-908B-363A47873CF0} = {13A2D06E-3AAA-3355-908B-363A47873CF0}
		{F29DD29B-DFB4-3E05-9789-8861AAB3BAAB} = {F29DD29B-DFB4-3E05-9789-8861AAB3BAAB}
		{1C604097-E8D3-3A49-9166-B6056E1DE7F0} = {1C604097-E8D3-3A49-9166-B6056E1DE7F0}
		{A83C452C-CDD9-3649-A21D-4DF8775C4B38} = {A83C452C-CDD9-3649-A21D-4DF8775C4B38}
		{32F39001-A443-309C-8AF7-089435CADB19} = {32F39001-A443-309C-8AF7-089435CADB19}
		{D7DAD712-AD25-32A8-BDB4-95B8C32922EE} = {D7DAD712-AD25-32A8-BDB4-95B8C32922EE}
		{7E2A47C2-5986-3244-9989-D82512F85D84} = {7E2A47C2-5986-3244-9989-D82512F85D84}
		{89BAA8BA-75B7-33D6-A341-AC4BBF08CD27} = {89BAA8BA-75B7-33D6-A341-AC4BBF08CD27}
	EndProjectSection
EndProject
Project("{8BC9CEB8-8B4A-11D0-8D11-00A0C91BC942}") = "Glad", "oglstuff\glad\Glad.vcxproj", "{BCA053AE-5B08-36B6-AB71-02F8AE318834}"
	ProjectSection(ProjectDependencies) = postProject
		{A83C452C-CDD9-3649-A21D-4DF8775C4B38} = {A83C452C-CDD9-3649-A21D-4DF8775C4B38}
	EndProjectSection
EndProject
Project("{8BC9CEB8-8B4A-11D0-8D11-00A0C91BC942}") = "Gramont2Test", "Gramont2Test.vcxproj", "{C57E5C11-D5B7-32AF-BF8B-FBB443F6B90E}"
	ProjectSection(ProjectDependencies) = postProject
		{BCA053AE-5B08-36B6-AB71-02F8AE318834} = {BCA053AE-5B08-36B6-AB71-02F8AE318834}
		{13A2D06E-3AAA-3355-908B-363A47873CF0} = {13A2D06E-3AAA-3355-908B-363A47873CF0}
		{F29DD29B-DFB4-3E05-9789-8861AAB3BAAB} = {F29DD29B-DFB4-3E05-9789-8861AAB3BAAB}
		{1C604097-E8D3-3A49-9166-B6056E1DE7F0} = {1C604097-E8D3-3A49-9166-B6056E1DE7F0}
		{A83C452C-CDD9-3649-A21D-4DF8775C4B38} = {A83C452C-CDD9-3649-A21D-4DF8775C4B38}
		{D7DAD712-AD25-32A8-BDB4-95B8C32922EE} = {D7DAD712-AD25-32A8-BDB4-95B8C32922EE}
		{7E2A47C2-5986-3244-9989-D82512F85D84} = {7E2A47C2-5986-3244-9989-D82512F85D84}
	EndProjectSection
EndProject
Project("{8BC9CEB8-8B4A-11D0-8D11-00A0C91BC942}") = "HelperClasses", "libHelperClasses\HelperClasses.vcxproj", "{A510DF92-B33C-38FC-A65A-54196EC360F2}"
	ProjectSection(ProjectDependencies) = postProject
		{BCA053AE-5B08-36B6-AB71-02F8AE318834} = {BCA053AE-5B08-36B6-AB71-02F8AE318834}
		{13A2D06E-3AAA-3355-908B-363A47873CF0} = {13A2D06E-3AAA-3355-908B-363A47873CF0}
		{F29DD29B-DFB4-3E05-9789-8861AAB3BAAB} = {F29DD29B-DFB4-3E05-9789-8861AAB3BAAB}
		{A83C452C-CDD9-3649-A21D-4DF8775C4B38} = {A83C452C-CDD9-3649-A21D-4DF8775C4B38}
	EndProjectSection
EndProject
Project("{8BC9CEB8-8B4A-11D0-8D11-00A0C91BC942}") = "INSTALL", "INSTALL.vcxproj", "{0B9D8A01-80A9-31BA-B005-A949AC9F5664}"
	ProjectSection(ProjectDependencies) = postProject
		{55C66176-B3CD-355F-8811-D1CECD69545E} = {55C66176-B3CD-355F-8811-D1CECD69545E}
		{A83C452C-CDD9-3649-A21D-4DF8775C4B38} = {A83C452C-CDD9-3649-A21D-4DF8775C4B38}
	EndProjectSection
EndProject
Project("{8BC9CEB8-8B4A-11D0-8D11-00A0C91BC942}") = "MathStuff", "oglstuff\mathstuff\MathStuff.vcxproj", "{13A2D06E-3AAA-3355-908B-363A47873CF0}"
	ProjectSection(ProjectDependencies) = postProject
		{A83C452C-CDD9-3649-A21D-4DF8775C4B38} = {A83C452C-CDD9-3649-A21D-4DF8775C4B38}
	EndProjectSection
EndProject
Project("{8BC9CEB8-8B4A-11D0-8D11-00A0C91BC942}") = "OglStuff", "oglstuff\OglStuff.vcxproj", "{F29DD29B-DFB4-3E05-9789-8861AAB3BAAB}"
	ProjectSection(ProjectDependencies) = postProject
		{BCA053AE-5B08-36B6-AB71-02F8AE318834} = {BCA053AE-5B08-36B6-AB71-02F8AE318834}
		{13A2D06E-3AAA-3355-908B-363A47873CF0} = {13A2D06E-3AAA-3355-908B-363A47873CF0}
		{A83C452C-CDD9-3649-A21D-4DF8775C4B38} = {A83C452C-CDD9-3649-A21D-4DF8775C4B38}
	EndProjectSection
EndProject
Project("{8BC9CEB8-8B4A-11D0-8D11-00A0C91BC942}") = "RUN_TESTS", "RUN_TESTS.vcxproj", "{794A8E3D-4AF5-3D36-8408-7EFFD64A4025}"
	ProjectSection(ProjectDependencies) = postProject
		{A83C452C-CDD9-3649-A21D-4DF8775C4B38} = {A83C452C-CDD9-3649-A21D-4DF8775C4B38}
	EndProjectSection
EndProject
Project("{8BC9CEB8-8B4A-11D0-8D11-00A0C91BC942}") = "TestedClasses", "libTestedClasses\TestedClasses.vcxproj", "{1C604097-E8D3-3A49-9166-B6056E1DE7F0}"
	ProjectSection(ProjectDependencies) = postProject
		{A510DF92-B33C-38FC-A65A-54196EC360F2} = {A510DF92-B33C-38FC-A65A-54196EC360F2}
	EndProjectSection
EndProject
Project("{8BC9CEB8-8B4A-11D0-8D11-00A0C91BC942}") = "ZERO_CHECK", "ZERO_CHECK.vcxproj", "{A83C452C-CDD9-3649-A21D-4DF8775C4B38}"
	ProjectSection(ProjectDependencies) = postProject
	EndProjectSection
EndProject
Project("{8BC9CEB8-8B4A-11D0-8D11-00A0C91BC942}") = "gmock", "googletest-build\googlemock\gmock.vcxproj", "{32F39001-A443-309C-8AF7-089435CADB19}"
	ProjectSection(ProjectDependencies) = postProject
		{A83C452C-CDD9-3649-A21D-4DF8775C4B38} = {A83C452C-CDD9-3649-A21D-4DF8775C4B38}
	EndProjectSection
EndProject
Project("{8BC9CEB8-8B4A-11D0-8D11-00A0C91BC942}") = "gmock_main", "googletest-build\googlemock\gmock_main.vcxproj", "{D7DAD712-AD25-32A8-BDB4-95B8C32922EE}"
	ProjectSection(ProjectDependencies) = postProject
		{A83C452C-CDD9-3649-A21D-4DF8775C4B38} = {A83C452C-CDD9-3649-A21D-4DF8775C4B38}
	EndProjectSection
EndProject
Project("{8BC9CEB8-8B4A-11D0-8D11-00A0C91BC942}") = "gtest", "googletest-build\googletest\gtest.vcxproj", "{7E2A47C2-5986-3244-9989-D82512F85D84}"
	ProjectSection(ProjectDependencies) = postProject
		{A83C452C-CDD9-3649-A21D-4DF8775C4B38} = {A83C452C-CDD9-3649-A21D-4DF8775C4B38}
	EndProjectSection
EndProject
Project("{8BC9CEB8-8B4A-11D0-8D11-00A0C91BC942}") = "gtest_main", "googletest-build\googletest\gtest_main.vcxproj", "{89BAA8BA-75B7-33D6-A341-AC4BBF08CD27}"
	ProjectSection(ProjectDependencies) = postProject
		{A83C452C-CDD9-3649-A21D-4DF8775C4B38} = {A83C452C-CDD9-3649-A21D-4DF8775C4B38}
		{7E2A47C2-5986-3244-9989-D82512F85D84} = {7E2A47C2-5986-3244-9989-D82512F85D84}
	EndProjectSection
EndProject
Global
	GlobalSection(SolutionConfigurationPlatforms) = preSolution
		Debug|x64 = Debug|x64
		Release|x64 = Release|x64
		MinSizeRel|x64 = MinSizeRel|x64
		RelWithDebInfo|x64 = RelWithDebInfo|x64
	EndGlobalSection
	GlobalSection(ProjectConfigurationPlatforms) = postSolution
		{55C66176-B3CD-355F-8811-D1CECD69545E}.Debug|x64.ActiveCfg = Debug|x64
		{55C66176-B3CD-355F-8811-D1CECD69545E}.Debug|x64.Build.0 = Debug|x64
		{55C66176-B3CD-355F-8811-D1CECD69545E}.Release|x64.ActiveCfg = Release|x64
		{55C66176-B3CD-355F-8811-D1CECD69545E}.Release|x64.Build.0 = Release|x64
		{55C66176-B3CD-355F-8811-D1CECD69545E}.MinSizeRel|x64.ActiveCfg = MinSizeRel|x64
		{55C66176-B3CD-355F-8811-D1CECD69545E}.MinSizeRel|x64.Build.0 = MinSizeRel|x64
		{55C66176-B3CD-355F-8811-D1CECD69545E}.RelWithDebInfo|x64.ActiveCfg = RelWithDebInfo|x64
		{55C66176-B3CD-355F-8811-D1CECD69545E}.RelWithDebInfo|x64.Build.0 = RelWithDebInfo|x64
		{BCA053AE-5B08-36B6-AB71-02F8AE318834}.Debug|x64.ActiveCfg = Debug|x64
		{BCA053AE-5B08-36B6-AB71-02F8AE318834}.Debug|x64.Build.0 = Debug|x64
		{BCA053AE-5B08-36B6-AB71-02F8AE318834}.Release|x64.ActiveCfg = Release|x64
		{BCA053AE-5B08-36B6-AB71-02F8AE318834}.Release|x64.Build.0 = Release|x64
		{BCA053AE-5B08-36B6-AB71-02F8AE318834}.MinSizeRel|x64.ActiveCfg = MinSizeRel|x64
		{BCA053AE-5B08-36B6-AB71-02F8AE318834}.MinSizeRel|x64.Build.0 = MinSizeRel|x64
		{BCA053AE-5B08-36B6-AB71-02F8AE318834}.RelWithDebInfo|x64.ActiveCfg = RelWithDebInfo|x64
		{BCA053AE-5B08-36B6-AB71-02F8AE318834}.RelWithDebInfo|x64.Build.0 = RelWithDebInfo|x64
		{C57E5C11-D5B7-32AF-BF8B-FBB443F6B90E}.Debug|x64.ActiveCfg = Debug|x64
		{C57E5C11-D5B7-32AF-BF8B-FBB443F6B90E}.Debug|x64.Build.0 = Debug|x64
		{C57E5C11-D5B7-32AF-BF8B-FBB443F6B90E}.Release|x64.ActiveCfg = Release|x64
		{C57E5C11-D5B7-32AF-BF8B-FBB443F6B90E}.Release|x64.Build.0 = Release|x64
		{C57E5C11-D5B7-32AF-BF8B-FBB443F6B90E}.MinSizeRel|x64.ActiveCfg = MinSizeRel|x64
		{C57E5C11-D5B7-32AF-BF8B-FBB443F6B90E}.MinSizeRel|x64.Build.0 = MinSizeRel|x64
		{C57E5C11-D5B7-32AF-BF8B-FBB443F6B90E}.RelWithDebInfo|x64.ActiveCfg = RelWithDebInfo|x64
		{C57E5C11-D5B7-32AF-BF8B-FBB443F6B90E}.RelWithDebInfo|x64.Build.0 = RelWithDebInfo|x64
		{A510DF92-B33C-38FC-A65A-54196EC360F2}.Debug|x64.ActiveCfg = Debug|x64
		{A510DF92-B33C-38FC-A65A-54196EC360F2}.Debug|x64.Build.0 = Debug|x64
		{A510DF92-B33C-38FC-A65A-54196EC360F2}.Release|x64.ActiveCfg = Release|x64
		{A510DF92-B33C-38FC-A65A-54196EC360F2}.Release|x64.Build.0 = Release|x64
		{A510DF92-B33C-38FC-A65A-54196EC360F2}.MinSizeRel|x64.ActiveCfg = MinSizeRel|x64
		{A510DF92-B33C-38FC-A65A-54196EC360F2}.MinSizeRel|x64.Build.0 = MinSizeRel|x64
		{A510DF92-B33C-38FC-A65A-54196EC360F2}.RelWithDebInfo|x64.ActiveCfg = RelWithDebInfo|x64
		{A510DF92-B33C-38FC-A65A-54196EC360F2}.RelWithDebInfo|x64.Build.0 = RelWithDebInfo|x64
		{0B9D8A01-80A9-31BA-B005-A949AC9F5664}.Debug|x64.ActiveCfg = Debug|x64
		{0B9D8A01-80A9-31BA-B005-A949AC9F5664}.Release|x64.ActiveCfg = Release|x64
		{0B9D8A01-80A9-31BA-B005-A949AC9F5664}.MinSizeRel|x64.ActiveCfg = MinSizeRel|x64
		{0B9D8A01-80A9-31BA-B005-A949AC9F5664}.RelWithDebInfo|x64.ActiveCfg = RelWithDebInfo|x64
		{13A2D06E-3AAA-3355-908B-363A47873CF0}.Debug|x64.ActiveCfg = Debug|x64
		{13A2D06E-3AAA-3355-908B-363A47873CF0}.Debug|x64.Build.0 = Debug|x64
		{13A2D06E-3AAA-3355-908B-363A47873CF0}.Release|x64.ActiveCfg = Release|x64
		{13A2D06E-3AAA-3355-908B-363A47873CF0}.Release|x64.Build.0 = Release|x64
		{13A2D06E-3AAA-3355-908B-363A47873CF0}.MinSizeRel|x64.ActiveCfg = MinSizeRel|x64
		{13A2D06E-3AAA-3355-908B-363A47873CF0}.MinSizeRel|x64.Build.0 = MinSizeRel|x64
		{13A2D06E-3AAA-3355-908B-363A47873CF0}.RelWithDebInfo|x64.ActiveCfg = RelWithDebInfo|x64
		{13A2D06E-3AAA-3355-908B-363A47873CF0}.RelWithDebInfo|x64.Build.0 = RelWithDebInfo|x64
		{F29DD29B-DFB4-3E05-9789-8861AAB3BAAB}.Debug|x64.ActiveCfg = Debug|x64
		{F29DD29B-DFB4-3E05-9789-8861AAB3BAAB}.Debug|x64.Build.0 = Debug|x64
		{F29DD29B-DFB4-3E05-9789-8861AAB3BAAB}.Release|x64.ActiveCfg = Release|x64
		{F29DD29B-DFB4-3E05-9789-8861AAB3BAAB}.Release|x64.Build.0 = Release|x64
		{F29DD29B-DFB4-3E05-9789-8861AAB3BAAB}.MinSizeRel|x64.ActiveCfg = MinSizeRel|x64
		{F29DD29B-DFB4-3E05-9789-8861AAB3BAAB}.MinSizeRel|x64.Build.0 = MinSizeRel|x64
		{F29DD29B-DFB4-3E05-9789-8861AAB3BAAB}.RelWithDebInfo|x64.ActiveCfg = RelWithDebInfo|x64
		{F29DD29B-DFB4-3E05-9789-8861AAB3BAAB}.RelWithDebInfo|x64.Build.0 = RelWithDebInfo|x64
		{794A8E3D-4AF5-3D36-8408-7EFFD64A4025}.Debug|x64.ActiveCfg = Debug|x64
		{794A8E3D-4AF5-3D36-8408-7EFFD64A4025}.Release|x64.ActiveCfg = Release|x64
		{794A8E3D-4AF5-3D36-8408-7EFFD64A4025}.MinSizeRel|x64.ActiveCfg = MinSizeRel|x64
		{794A8E3D-4AF5-3D36-8408-7EFFD64A4025}.RelWithDebInfo|x64.ActiveCfg = RelWithDebInfo|x64
		{1C604097-E8D3-3A49-9166-B6056E1DE7F0}.Debug|x64.ActiveCfg = Debug|x64
		{1C604097-E8D3-3A49-9166-B6056E1DE7F0}.Debug|x64.Build.0 = Debug|x64
		{1C604097-E8D3-3A49-9166-B6056E1DE7F0}.Release|x64.ActiveCfg = Release|x64
		{1C604097-E8D3-3A49-9166-B6056E1DE7F0}.Release|x64.Build.0 = Release|x64
		{1C604097-E8D3-3A49-9166-B6056E1DE7F0}.MinSizeRel|x64.ActiveCfg = MinSizeRel|x64
		{1C604097-E8D3-3A49-9166-B6056E1DE7F0}.MinSizeRel|x64.Build.0 = MinSizeRel|x64
		{1C604097-E8D3-3A49-9166-B6056E1DE7F0}.RelWithDebInfo|x64.ActiveCfg = RelWithDebInfo|x64
		{1C604097-E8D3-3A49-9166-B6056E1DE7F0}.RelWithDebInfo|x64.Build.0 = RelWithDebInfo|x64
		{A83C452C-CDD9-3649-A21D-4DF8775C4B38}.Debug|x64.ActiveCfg = Debug|x64
		{A83C452C-CDD9-3649-A21D-4DF8775C4B38}.Debug|x64.Build.0 = Debug|x64
		{A83C452C-CDD9-3649-A21D-4DF8775C4B38}.Release|x64.ActiveCfg = Release|x64
		{A83C452C-CDD9-3649-A21D-4DF8775C4B38}.Release|x64.Build.0 = Release|x64
		{A83C452C-CDD9-3649-A21D-4DF8775C4B38}.MinSizeRel|x64.ActiveCfg = MinSizeRel|x64
		{A83C452C-CDD9-3649-A21D-4DF8775C4B38}.MinSizeRel|x64.Build.0 = MinSizeRel|x64
		{A83C452C-CDD9-3649-A21D-4DF8775C4B38}.RelWithDebInfo|x64.ActiveCfg = RelWithDebInfo|x64
		{A83C452C-CDD9-3649-A21D-4DF8775C4B38}.RelWithDebInfo|x64.Build.0 = RelWithDebInfo|x64
		{32F39001-A443-309C-8AF7-089435CADB19}.Debug|x64.ActiveCfg = Debug|x64
		{32F39001-A443-309C-8AF7-089435CADB19}.Debug|x64.Build.0 = Debug|x64
		{32F39001-A443-309C-8AF7-089435CADB19}.Release|x64.ActiveCfg = Release|x64
		{32F39001-A443-309C-8AF7-089435CADB19}.Release|x64.Build.0 = Release|x64
		{32F39001-A443-309C-8AF7-089435CADB19}.MinSizeRel|x64.ActiveCfg = MinSizeRel|x64
		{32F39001-A443-309C-8AF7-089435CADB19}.MinSizeRel|x64.Build.0 = MinSizeRel|x64
		{32F39001-A443-309C-8AF7-089435CADB19}.RelWithDebInfo|x64.ActiveCfg = RelWithDebInfo|x64
		{32F39001-A443-309C-8AF7-089435CADB19}.RelWithDebInfo|x64.Build.0 = RelWithDebInfo|x64
		{D7DAD712-AD25-32A8-BDB4-95B8C32922EE}.Debug|x64.ActiveCfg = Debug|x64
		{D7DAD712-AD25-32A8-BDB4-95B8C32922EE}.Debug|x64.Build.0 = Debug|x64
		{D7DAD712-AD25-32A8-BDB4-95B8C32922EE}.Release|x64.ActiveCfg = Release|x64
		{D7DAD712-AD25-32A8-BDB4-95B8C32922EE}.Release|x64.Build.0 = Release|x64
		{D7DAD712-AD25-32A8-BDB4-95B8C32922EE}.MinSizeRel|x64.ActiveCfg = MinSizeRel|x64
		{D7DAD712-AD25-32A8-BDB4-95B8C32922EE}.MinSizeRel|x64.Build.0 = MinSizeRel|x64
		{D7DAD712-AD25-32A8-BDB4-95B8C32922EE}.RelWithDebInfo|x64.ActiveCfg = RelWithDebInfo|x64
		{D7DAD712-AD25-32A8-BDB4-95B8C32922EE}.RelWithDebInfo|x64.Build.0 = RelWithDebInfo|x64
		{7E2A47C2-5986-3244-9989-D82512F85D84}.Debug|x64.ActiveCfg = Debug|x64
		{7E2A47C2-5986-3244-9989-D82512F85D84}.Debug|x64.Build.0 = Debug|x64
		{7E2A47C2-5986-3244-9989-D82512F85D84}.Release|x64.ActiveCfg = Release|x64
		{7E2A47C2-5986-3244-9989-D82512F85D84}.Release|x64.Build.0 = Release|x64
		{7E2A47C2-5986-3244-9989-D82512F85D84}.MinSizeRel|x64.ActiveCfg = MinSizeRel|x64
		{7E2A47C2-5986-3244-9989-D82512F85D84}.MinSizeRel|x64.Build.0 = MinSizeRel|x64
		{7E2A47C2-5986-3244-9989-D82512F85D84}.RelWithDebInfo|x64.ActiveCfg = RelWithDebInfo|x64
		{7E2A47C2-5986-3244-9989-D82512F85D84}.RelWithDebInfo|x64.Build.0 = RelWithDebInfo|x64
		{89BAA8BA-75B7-33D6-A341-AC4BBF08CD27}.Debug|x64.ActiveCfg = Debug|x64
		{89BAA8BA-75B7-33D6-A341-AC4BBF08CD27}.Debug|x64.Build.0 = Debug|x64
		{89BAA8BA-75B7-33D6-A341-AC4BBF08CD27}.Release|x64.ActiveCfg = Release|x64
		{89BAA8BA-75B7-33D6-A341-AC4BBF08CD27}.Release|x64.Build.0 = Release|x64
		{89BAA8BA-75B7-33D6-A341-AC4BBF08CD27}.MinSizeRel|x64.ActiveCfg = MinSizeRel|x64
		{89BAA8BA-75B7-33D6-A341-AC4BBF08CD27}.MinSizeRel|x64.Build.0 = MinSizeRel|x64
		{89BAA8BA-75B7-33D6-A341-AC4BBF08CD27}.RelWithDebInfo|x64.ActiveCfg = RelWithDebInfo|x64
		{89BAA8BA-75B7-33D6-A341-AC4BBF08CD27}.RelWithDebInfo|x64.Build.0 = RelWithDebInfo|x64
	EndGlobalSection
	GlobalSection(ExtensibilityGlobals) = postSolution
		SolutionGuid = {3CB7D4F1-C199-3BA4-B39B-634009B1DDD6}
	EndGlobalSection
	GlobalSection(ExtensibilityAddIns) = postSolution
	EndGlobalSection
EndGlobal
